Microsoft Visual Studio Solution File, Format Version 11.00
# Visual Studio 2008

Project("{82FEDB6E-8D53-8987-D305-0DE3AD103C93}") = "FoodFight", "Assembly-CSharp.csproj", "{C0F90AA8-3F5A-6722-5497-8370AF7C69D1}"
EndProject
Global
	GlobalSection(SolutionConfigurationPlatforms) = preSolution
		Debug|Any CPU = Debug|Any CPU
		Release|Any CPU = Release|Any CPU
	EndGlobalSection
	GlobalSection(ProjectConfigurationPlatforms) = postSolution
		{C0F90AA8-3F5A-6722-5497-8370AF7C69D1}.Debug|Any CPU.ActiveCfg = Debug|Any CPU
		{C0F90AA8-3F5A-6722-5497-8370AF7C69D1}.Debug|Any CPU.Build.0 = Debug|Any CPU
		{C0F90AA8-3F5A-6722-5497-8370AF7C69D1}.Release|Any CPU.ActiveCfg = Release|Any CPU
		{C0F90AA8-3F5A-6722-5497-8370AF7C69D1}.Release|Any CPU.Build.0 = Release|Any CPU
	EndGlobalSection
	GlobalSection(SolutionProperties) = preSolution
		HideSolutionNode = FALSE
	EndGlobalSection
	GlobalSection(MonoDevelopProperties) = preSolution
		StartupItem = Assembly-CSharp.csproj
	EndGlobalSection
EndGlobal
